// !$*UTF8*$!
{
	archiveVersion = 1;
	classes = {
	};
	objectVersion = 46;
	objects = {

/* Begin PBXBuildFile section */
		17C78D4B1BDC04C40096BE0D /* AppDelegate.swift in Sources */ = {isa = PBXBuildFile; fileRef = 17C78D4A1BDC04C40096BE0D /* AppDelegate.swift */; };
		17C78D4D1BDC04C40096BE0D /* ViewController.swift in Sources */ = {isa = PBXBuildFile; fileRef = 17C78D4C1BDC04C40096BE0D /* ViewController.swift */; };
		17C78D501BDC04C40096BE0D /* Main.storyboard in Resources */ = {isa = PBXBuildFile; fileRef = 17C78D4E1BDC04C40096BE0D /* Main.storyboard */; };
		17C78D521BDC04C40096BE0D /* Assets.xcassets in Resources */ = {isa = PBXBuildFile; fileRef = 17C78D511BDC04C40096BE0D /* Assets.xcassets */; };
		17C78D551BDC04C40096BE0D /* LaunchScreen.storyboard in Resources */ = {isa = PBXBuildFile; fileRef = 17C78D531BDC04C40096BE0D /* LaunchScreen.storyboard */; };
		17C78D601BDC04C40096BE0D /* testTests.swift in Sources */ = {isa = PBXBuildFile; fileRef = 17C78D5F1BDC04C40096BE0D /* testTests.swift */; };
/* End PBXBuildFile section */

/* Begin PBXContainerItemProxy section */
		17C78D5C1BDC04C40096BE0D /* PBXContainerItemProxy */ = {
			isa = PBXContainerItemProxy;
			containerPortal = 17C78D3F1BDC04C40096BE0D /* Project object */;
			proxyType = 1;
			remoteGlobalIDString = 17C78D461BDC04C40096BE0D;
			remoteInfo = test;
		};
/* End PBXContainerItemProxy section */

/* Begin PBXFileReference section */
		17C78D471BDC04C40096BE0D /* test.app */ = {isa = PBXFileReference; explicitFileType = wrapper.application; includeInIndex = 0; path = test.app; sourceTree = BUILT_PRODUCTS_DIR; };
		17C78D4A1BDC04C40096BE0D /* AppDelegate.swift */ = {isa = PBXFileReference; lastKnownFileType = sourcecode.swift; path = AppDelegate.swift; sourceTree = "<group>"; };
		17C78D4C1BDC04C40096BE0D /* ViewController.swift */ = {isa = PBXFileReference; lastKnownFileType = sourcecode.swift; path = ViewController.swift; sourceTree = "<group>"; };
		17C78D4F1BDC04C40096BE0D /* Base */ = {isa = PBXFileReference; lastKnownFileType = file.storyboard; name = Base; path = Base.lproj/Main.storyboard; sourceTree = "<group>"; };
		17C78D511BDC04C40096BE0D /* Assets.xcassets */ = {isa = PBXFileReference; lastKnownFileType = folder.assetcatalog; path = Assets.xcassets; sourceTree = "<group>"; };
		17C78D541BDC04C40096BE0D /* Base */ = {isa = PBXFileReference; lastKnownFileType = file.storyboard; name = Base; path = Base.lproj/LaunchScreen.storyboard; sourceTree = "<group>"; };
		17C78D561BDC04C40096BE0D /* Info.plist */ = {isa = PBXFileReference; lastKnownFileType = text.plist.xml; path = Info.plist; sourceTree = "<group>"; };
		17C78D5B1BDC04C40096BE0D /* testTests.xctest */ = {isa = PBXFileReference; explicitFileType = wrapper.cfbundle; includeInIndex = 0; path = testTests.xctest; sourceTree = BUILT_PRODUCTS_DIR; };
		17C78D5F1BDC04C40096BE0D /* testTests.swift */ = {isa = PBXFileReference; lastKnownFileType = sourcecode.swift; path = testTests.swift; sourceTree = "<group>"; };
		17C78D611BDC04C40096BE0D /* Info.plist */ = {isa = PBXFileReference; lastKnownFileType = text.plist.xml; path = Info.plist; sourceTree = "<group>"; };
/* End PBXFileReference section */

/* Begin PBXFrameworksBuildPhase section */
		17C78D441BDC04C40096BE0D /* Frameworks */ = {
			isa = PBXFrameworksBuildPhase;
			buildActionMask = 2147483647;
			files = (
			);
			runOnlyForDeploymentPostprocessing = 0;
		};
		17C78D581BDC04C40096BE0D /* Frameworks */ = {
			isa = PBXFrameworksBuildPhase;
			buildActionMask = 2147483647;
			files = (
			);
			runOnlyForDeploymentPostprocessing = 0;
		};
/* End PBXFrameworksBuildPhase section */

/* Begin PBXGroup section */
		17C78D3E1BDC04C40096BE0D = {
			isa = PBXGroup;
			children = (
				17C78D491BDC04C40096BE0D /* test */,
				17C78D5E1BDC04C40096BE0D /* testTests */,
				17C78D481BDC04C40096BE0D /* Products */,
			);
			sourceTree = "<group>";
		};
		17C78D481BDC04C40096BE0D /* Products */ = {
			isa = PBXGroup;
			children = (
				17C78D471BDC04C40096BE0D /* test.app */,
				17C78D5B1BDC04C40096BE0D /* testTests.xctest */,
			);
			name = Products;
			sourceTree = "<group>";
		};
		17C78D491BDC04C40096BE0D /* test */ = {
			isa = PBXGroup;
			children = (
				17C78D4A1BDC04C40096BE0D /* AppDelegate.swift */,
				17C78D4C1BDC04C40096BE0D /* ViewController.swift */,
				17C78D4E1BDC04C40096BE0D /* Main.storyboard */,
				17C78D511BDC04C40096BE0D /* Assets.xcassets */,
				17C78D531BDC04C40096BE0D /* LaunchScreen.storyboard */,
				17C78D561BDC04C40096BE0D /* Info.plist */,
			);
			path = test;
			sourceTree = "<group>";
		};
		17C78D5E1BDC04C40096BE0D /* testTests */ = {
			isa = PBXGroup;
			children = (
				17C78D5F1BDC04C40096BE0D /* testTests.swift */,
				17C78D611BDC04C40096BE0D /* Info.plist */,
			);
			path = testTests;
			sourceTree = "<group>";
		};
/* End PBXGroup section */

/* Begin PBXNativeTarget section */
		17C78D461BDC04C40096BE0D /* test */ = {
			isa = PBXNativeTarget;
			buildConfigurationList = 17C78D641BDC04C40096BE0D /* Build configuration list for PBXNativeTarget "test" */;
			buildPhases = (
				17C78D431BDC04C40096BE0D /* Sources */,
				17C78D441BDC04C40096BE0D /* Frameworks */,
				17C78D451BDC04C40096BE0D /* Resources */,
			);
			buildRules = (
			);
			dependencies = (
			);
			name = test;
			productName = test;
			productReference = 17C78D471BDC04C40096BE0D /* test.app */;
			productType = "com.apple.product-type.application";
		};
		17C78D5A1BDC04C40096BE0D /* testTests */ = {
			isa = PBXNativeTarget;
			buildConfigurationList = 17C78D671BDC04C40096BE0D /* Build configuration list for PBXNativeTarget "testTests" */;
			buildPhases = (
				17C78D571BDC04C40096BE0D /* Sources */,
				17C78D581BDC04C40096BE0D /* Frameworks */,
				17C78D591BDC04C40096BE0D /* Resources */,
			);
			buildRules = (
			);
			dependencies = (
				17C78D5D1BDC04C40096BE0D /* PBXTargetDependency */,
			);
			name = testTests;
			productName = testTests;
			productReference = 17C78D5B1BDC04C40096BE0D /* testTests.xctest */;
			productType = "com.apple.product-type.bundle.unit-test";
		};
/* End PBXNativeTarget section */

/* Begin PBXProject section */
		17C78D3F1BDC04C40096BE0D /* Project object */ = {
			isa = PBXProject;
			attributes = {
				LastSwiftUpdateCheck = 0710;
				LastUpgradeCheck = 0710;
				ORGANIZATIONNAME = Bravado;
				TargetAttributes = {
					17C78D461BDC04C40096BE0D = {
						CreatedOnToolsVersion = 7.1;
					};
					17C78D5A1BDC04C40096BE0D = {
						CreatedOnToolsVersion = 7.1;
						TestTargetID = 17C78D461BDC04C40096BE0D;
					};
				};
			};
			buildConfigurationList = 17C78D421BDC04C40096BE0D /* Build configuration list for PBXProject "test" */;
			compatibilityVersion = "Xcode 3.2";
			developmentRegion = English;
			hasScannedForEncodings = 0;
			knownRegions = (
				en,
				Base,
			);
			mainGroup = 17C78D3E1BDC04C40096BE0D;
			productRefGroup = 17C78D481BDC04C40096BE0D /* Products */;
			projectDirPath = "";
			projectRoot = "";
			targets = (
				17C78D461BDC04C40096BE0D /* test */,
				17C78D5A1BDC04C40096BE0D /* testTests */,
			);
		};
/* End PBXProject section */

/* Begin PBXResourcesBuildPhase section */
		17C78D451BDC04C40096BE0D /* Resources */ = {
			isa = PBXResourcesBuildPhase;
			buildActionMask = 2147483647;
			files = (
				17C78D551BDC04C40096BE0D /* LaunchScreen.storyboard in Resources */,
				17C78D521BDC04C40096BE0D /* Assets.xcassets in Resources */,
				17C78D501BDC04C40096BE0D /* Main.storyboard in Resources */,
			);
			runOnlyForDeploymentPostprocessing = 0;
		};
		17C78D591BDC04C40096BE0D /* Resources */ = {
			isa = PBXResourcesBuildPhase;
			buildActionMask = 2147483647;
			files = (
			);
			runOnlyForDeploymentPostprocessing = 0;
		};
/* End PBXResourcesBuildPhase section */

/* Begin PBXSourcesBuildPhase section */
		17C78D431BDC04C40096BE0D /* Sources */ = {
			isa = PBXSourcesBuildPhase;
			buildActionMask = 2147483647;
			files = (
				17C78D4D1BDC04C40096BE0D /* ViewController.swift in Sources */,
				17C78D4B1BDC04C40096BE0D /* AppDelegate.swift in Sources */,
			);
			runOnlyForDeploymentPostprocessing = 0;
		};
		17C78D571BDC04C40096BE0D /* Sources */ = {
			isa = PBXSourcesBuildPhase;
			buildActionMask = 2147483647;
			files = (
				17C78D601BDC04C40096BE0D /* testTests.swift in Sources */,
			);
			runOnlyForDeploymentPostprocessing = 0;
		};
/* End PBXSourcesBuildPhase section */

/* Begin PBXTargetDependency section */
		17C78D5D1BDC04C40096BE0D /* PBXTargetDependency */ = {
			isa = PBXTargetDependency;
			target = 17C78D461BDC04C40096BE0D /* test */;
			targetProxy = 17C78D5C1BDC04C40096BE0D /* PBXContainerItemProxy */;
		};
/* End PBXTargetDependency section */

/* Begin PBXVariantGroup section */
		17C78D4E1BDC04C40096BE0D /* Main.storyboard */ = {
			isa = PBXVariantGroup;
			children = (
				17C78D4F1BDC04C40096BE0D /* Base */,
			);
			name = Main.storyboard;
			sourceTree = "<group>";
		};
		17C78D531BDC04C40096BE0D /* LaunchScreen.storyboard */ = {
			isa = PBXVariantGroup;
			children = (
				17C78D541BDC04C40096BE0D /* Base */,
			);
			name = LaunchScreen.storyboard;
			sourceTree = "<group>";
		};
/* End PBXVariantGroup section */

/* Begin XCBuildConfiguration section */
		17C78D621BDC04C40096BE0D /* Debug */ = {
			isa = XCBuildConfiguration;
			buildSettings = {
				ALWAYS_SEARCH_USER_PATHS = NO;
				CLANG_CXX_LANGUAGE_STANDARD = "gnu++0x";
				CLANG_CXX_LIBRARY = "libc++";
				CLANG_ENABLE_MODULES = YES;
				CLANG_ENABLE_OBJC_ARC = YES;
				CLANG_WARN_BOOL_CONVERSION = YES;
				CLANG_WARN_CONSTANT_CONVERSION = YES;
				CLANG_WARN_DIRECT_OBJC_ISA_USAGE = YES_ERROR;
				CLANG_WARN_EMPTY_BODY = YES;
				CLANG_WARN_ENUM_CONVERSION = YES;
				CLANG_WARN_INT_CONVERSION = YES;
				CLANG_WARN_OBJC_ROOT_CLASS = YES_ERROR;
				CLANG_WARN_UNREACHABLE_CODE = YES;
				CLANG_WARN__DUPLICATE_METHOD_MATCH = YES;
				"CODE_SIGN_IDENTITY[sdk=iphoneos*]" = "iPhone Developer";
				COPY_PHASE_STRIP = NO;
				DEBUG_INFORMATION_FORMAT = dwarf;
				ENABLE_STRICT_OBJC_MSGSEND = YES;
				ENABLE_TESTABILITY = YES;
				GCC_C_LANGUAGE_STANDARD = gnu99;
				GCC_DYNAMIC_NO_PIC = NO;
				GCC_NO_COMMON_BLOCKS = YES;
				GCC_OPTIMIZATION_LEVEL = 0;
				GCC_PREPROCESSOR_DEFINITIONS = (
					"DEBUG=1",
					"$(inherited)",
				);
				GCC_WARN_64_TO_32_BIT_CONVERSION = YES;
				GCC_WARN_ABOUT_RETURN_TYPE = YES_ERROR;
				GCC_WARN_UNDECLARED_SELECTOR = YES;
				GCC_WARN_UNINITIALIZED_AUTOS = YES_AGGRESSIVE;
				GCC_WARN_UNUSED_FUNCTION = YES;
				GCC_WARN_UNUSED_VARIABLE = YES;
				IPHONEOS_DEPLOYMENT_TARGET = 9.1;
				MTL_ENABLE_DEBUG_INFO = YES;
				ONLY_ACTIVE_ARCH = YES;
				SDKROOT = iphoneos;
				SWIFT_OPTIMIZATION_LEVEL = "-Onone";
				TARGETED_DEVICE_FAMILY = 2;
			};
			name = Debug;
		};
		17C78D631BDC04C40096BE0D /* Release */ = {
			isa = XCBuildConfiguration;
			buildSettings = {
				ALWAYS_SEARCH_USER_PATHS = NO;
				CLANG_CXX_LANGUAGE_STANDARD = "gnu++0x";
				CLANG_CXX_LIBRARY = "libc++";
				CLANG_ENABLE_MODULES = YES;
				CLANG_ENABLE_OBJC_ARC = YES;
				CLANG_WARN_BOOL_CONVERSION = YES;
				CLANG_WARN_CONSTANT_CONVERSION = YES;
				CLANG_WARN_DIRECT_OBJC_ISA_USAGE = YES_ERROR;
				CLANG_WARN_EMPTY_BODY = YES;
				CLANG_WARN_ENUM_CONVERSION = YES;
				CLANG_WARN_INT_CONVERSION = YES;
				CLANG_WARN_OBJC_ROOT_CLASS = YES_ERROR;
				CLANG_WARN_UNREACHABLE_CODE = YES;
				CLANG_WARN__DUPLICATE_METHOD_MATCH = YES;
				"CODE_SIGN_IDENTITY[sdk=iphoneos*]" = "iPhone Developer";
				COPY_PHASE_STRIP = NO;
				DEBUG_INFORMATION_FORMAT = "dwarf-with-dsym";
				ENABLE_NS_ASSERTIONS = NO;
				ENABLE_STRICT_OBJC_MSGSEND = YES;
				GCC_C_LANGUAGE_STANDARD = gnu99;
				GCC_NO_COMMON_BLOCKS = YES;
				GCC_WARN_64_TO_32_BIT_CONVERSION = YES;
				GCC_WARN_ABOUT_RETURN_TYPE = YES_ERROR;
				GCC_WARN_UNDECLARED_SELECTOR = YES;
				GCC_WARN_UNINITIALIZED_AUTOS = YES_AGGRESSIVE;
				GCC_WARN_UNUSED_FUNCTION = YES;
				GCC_WARN_UNUSED_VARIABLE = YES;
				IPHONEOS_DEPLOYMENT_TARGET = 9.1;
				MTL_ENABLE_DEBUG_INFO = NO;
				SDKROOT = iphoneos;
				TARGETED_DEVICE_FAMILY = 2;
				VALIDATE_PRODUCT = YES;
			};
			name = Release;
		};
		17C78D651BDC04C40096BE0D /* Debug */ = {
			isa = XCBuildConfiguration;
			buildSettings = {
				ASSETCATALOG_COMPILER_APPICON_NAME = AppIcon;
				INFOPLIST_FILE = test/Info.plist;
				LD_RUNPATH_SEARCH_PATHS = "$(inherited) @executable_path/Frameworks";
				PRODUCT_BUNDLE_IDENTIFIER = com.bravado.test;
				PRODUCT_NAME = "$(TARGET_NAME)";
			};
			name = Debug;
		};
		17C78D661BDC04C40096BE0D /* Release */ = {
			isa = XCBuildConfiguration;
			buildSettings = {
				ASSETCATALOG_COMPILER_APPICON_NAME = AppIcon;
				INFOPLIST_FILE = test/Info.plist;
				LD_RUNPATH_SEARCH_PATHS = "$(inherited) @executable_path/Frameworks";
				PRODUCT_BUNDLE_IDENTIFIER = com.bravado.test;
				PRODUCT_NAME = "$(TARGET_NAME)";
			};
			name = Release;
		};
		17C78D681BDC04C40096BE0D /* Debug */ = {
			isa = XCBuildConfiguration;
			buildSettings = {
				BUNDLE_LOADER = "$(TEST_HOST)";
				INFOPLIST_FILE = testTests/Info.plist;
				LD_RUNPATH_SEARCH_PATHS = "$(inherited) @executable_path/Frameworks @loader_path/Frameworks";
				PRODUCT_BUNDLE_IDENTIFIER = com.bravado.testTests;
				PRODUCT_NAME = "$(TARGET_NAME)";
				TEST_HOST = "$(BUILT_PRODUCTS_DIR)/test.app/test";
			};
			name = Debug;
		};
		17C78D691BDC04C40096BE0D /* Release */ = {
			isa = XCBuildConfiguration;
			buildSettings = {
				BUNDLE_LOADER = "$(TEST_HOST)";
				INFOPLIST_FILE = testTests/Info.plist;
				LD_RUNPATH_SEARCH_PATHS = "$(inherited) @executable_path/Frameworks @loader_path/Frameworks";
				PRODUCT_BUNDLE_IDENTIFIER = com.bravado.testTests;
				PRODUCT_NAME = "$(TARGET_NAME)";
				TEST_HOST = "$(BUILT_PRODUCTS_DIR)/test.app/test";
			};
			name = Release;
		};
/* End XCBuildConfiguration section */

/* Begin XCConfigurationList section */
		17C78D421BDC04C40096BE0D /* Build configuration list for PBXProject "test" */ = {
			isa = XCConfigurationList;
			buildConfigurations = (
				17C78D621BDC04C40096BE0D /* Debug */,
				17C78D631BDC04C40096BE0D /* Release */,
			);
			defaultConfigurationIsVisible = 0;
			defaultConfigurationName = Release;
		};
		17C78D641BDC04C40096BE0D /* Build configuration list for PBXNativeTarget "test" */ = {
			isa = XCConfigurationList;
			buildConfigurations = (
				17C78D651BDC04C40096BE0D /* Debug */,
				17C78D661BDC04C40096BE0D /* Release */,
			);
			defaultConfigurationIsVisible = 0;
		};
		17C78D671BDC04C40096BE0D /* Build configuration list for PBXNativeTarget "testTests" */ = {
			isa = XCConfigurationList;
			buildConfigurations = (
				17C78D681BDC04C40096BE0D /* Debug */,
				17C78D691BDC04C40096BE0D /* Release */,
			);
			defaultConfigurationIsVisible = 0;
		};
/* End XCConfigurationList section */
	};
	rootObject = 17C78D3F1BDC04C40096BE0D /* Project object */;
}
